
Microsoft Visual Studio Solution File, Format Version 11.00
# Visual C++ Express 2010
Project("{8BC9CEB8-8B4A-11D0-8D11-00A0C91BC942}") = "NonVirtualInterface", "NonVirtualInterface\NonVirtualInterface.vcxproj", "{DFD7C6E1-7F81-42A6-A99E-420C71F83DF5}"
EndProject
Global
	GlobalSection(SolutionConfigurationPlatforms) = preSolution
		Debug|Win32 = Debug|Win32
		Release|Win32 = Release|Win32
	EndGlobalSection
	GlobalSection(ProjectConfigurationPlatforms) = postSolution
		{DFD7C6E1-7F81-42A6-A99E-420C71F83DF5}.Debug|Win32.ActiveCfg = Debug|Win32
		{DFD7C6E1-7F81-42A6-A99E-420C71F83DF5}.Debug|Win32.Build.0 = Debug|Win32
		{DFD7C6E1-7F81-42A6-A99E-420C71F83DF5}.Release|Win32.ActiveCfg = Release|Win32
		{DFD7C6E1-7F81-42A6-A99E-420C71F83DF5}.Release|Win32.Build.0 = Release|Win32
	EndGlobalSection
	GlobalSection(SolutionProperties) = preSolution
		HideSolutionNode = FALSE
	EndGlobalSection
EndGlobal
