
Microsoft Visual Studio Solution File, Format Version 12.00
# Visual Studio Express 2013 for Windows Desktop
VisualStudioVersion = 12.0.21005.1
MinimumVisualStudioVersion = 10.0.40219.1
Project("{8BC9CEB8-8B4A-11D0-8D11-00A0C91BC942}") = "SchedulingProblem_Google", "SchedulingProblem_Google\SchedulingProblem_Google.vcxproj", "{69FCF92B-844F-46E9-AEA6-32858B81DBDB}"
EndProject
Project("{8BC9CEB8-8B4A-11D0-8D11-00A0C91BC942}") = "FindPathGivenSumInTree_Amazion", "..\FindPathGivenSumInTree_Amazion\FindPathGivenSumInTree_Amazion\FindPathGivenSumInTree_Amazion.vcxproj", "{85652F85-72B3-40A3-A74B-9C936E9E7C62}"
EndProject
Global
	GlobalSection(SolutionConfigurationPlatforms) = preSolution
		Debug|Win32 = Debug|Win32
		Release|Win32 = Release|Win32
	EndGlobalSection
	GlobalSection(ProjectConfigurationPlatforms) = postSolution
		{69FCF92B-844F-46E9-AEA6-32858B81DBDB}.Debug|Win32.ActiveCfg = Debug|Win32
		{69FCF92B-844F-46E9-AEA6-32858B81DBDB}.Debug|Win32.Build.0 = Debug|Win32
		{69FCF92B-844F-46E9-AEA6-32858B81DBDB}.Release|Win32.ActiveCfg = Release|Win32
		{69FCF92B-844F-46E9-AEA6-32858B81DBDB}.Release|Win32.Build.0 = Release|Win32
		{85652F85-72B3-40A3-A74B-9C936E9E7C62}.Debug|Win32.ActiveCfg = Debug|Win32
		{85652F85-72B3-40A3-A74B-9C936E9E7C62}.Debug|Win32.Build.0 = Debug|Win32
		{85652F85-72B3-40A3-A74B-9C936E9E7C62}.Release|Win32.ActiveCfg = Release|Win32
		{85652F85-72B3-40A3-A74B-9C936E9E7C62}.Release|Win32.Build.0 = Release|Win32
	EndGlobalSection
	GlobalSection(SolutionProperties) = preSolution
		HideSolutionNode = FALSE
	EndGlobalSection
EndGlobal
