
Microsoft Visual Studio Solution File, Format Version 11.00
# Visual C++ Express 2010
Project("{8BC9CEB8-8B4A-11D0-8D11-00A0C91BC942}") = "Learning_1", "Learning_1\Learning_1.vcxproj", "{6F6A241A-F2EC-4CEC-9DD6-8A815572F97A}"
EndProject
Global
	GlobalSection(SolutionConfigurationPlatforms) = preSolution
		Debug|Win32 = Debug|Win32
		Release|Win32 = Release|Win32
	EndGlobalSection
	GlobalSection(ProjectConfigurationPlatforms) = postSolution
		{6F6A241A-F2EC-4CEC-9DD6-8A815572F97A}.Debug|Win32.ActiveCfg = Debug|Win32
		{6F6A241A-F2EC-4CEC-9DD6-8A815572F97A}.Debug|Win32.Build.0 = Debug|Win32
		{6F6A241A-F2EC-4CEC-9DD6-8A815572F97A}.Release|Win32.ActiveCfg = Release|Win32
		{6F6A241A-F2EC-4CEC-9DD6-8A815572F97A}.Release|Win32.Build.0 = Release|Win32
	EndGlobalSection
	GlobalSection(SolutionProperties) = preSolution
		HideSolutionNode = FALSE
	EndGlobalSection
EndGlobal
